
Microsoft Visual Studio Solution File, Format Version 12.00
# Visual Studio 15
VisualStudioVersion = 15.0.28010.2036
MinimumVisualStudioVersion = 10.0.40219.1
Project("{9A19103F-16F7-4668-BE54-9A1E7A4F7556}") = "SIS.HTTP", "SIS.HTTP\SIS.HTTP.csproj", "{0BB53347-9530-47BE-9A44-20074EF7C20F}"
EndProject
Project("{9A19103F-16F7-4668-BE54-9A1E7A4F7556}") = "SIS.WebServer", "SIS.WebServer\SIS.WebServer.csproj", "{8CA22A00-873B-4693-A8C0-2B684D0EB52A}"
EndProject
Project("{2150E333-8FDC-42A3-9474-1A3956D46DE8}") = "Apps", "Apps", "{81556867-6A04-454C-8232-DF4E47808670}"
EndProject
Project("{2150E333-8FDC-42A3-9474-1A3956D46DE8}") = "IRunes", "IRunes", "{5D44E94C-8878-4377-895A-31650D26FB6B}"
EndProject
Project("{9A19103F-16F7-4668-BE54-9A1E7A4F7556}") = "SIS.Framework", "SIS.Framework\SIS.Framework.csproj", "{C95C7A8D-5315-4246-8C4B-12331CDD57F7}"
EndProject
Project("{9A19103F-16F7-4668-BE54-9A1E7A4F7556}") = "SIS.Demo", "SIS.Demo\SIS.Demo.csproj", "{F3F3FCBD-3A61-4B41-B502-FC356D01BDF9}"
EndProject
Project("{9A19103F-16F7-4668-BE54-9A1E7A4F7556}") = "IRunes.App", "Apps\IRunes.App\IRunes.App.csproj", "{83A05698-339C-4016-86FD-86AFFC8A92C3}"
EndProject
Project("{9A19103F-16F7-4668-BE54-9A1E7A4F7556}") = "IRunes.Data", "Apps\IRunes.Data\IRunes.Data.csproj", "{F632494A-B791-4206-9791-3A3EBC89F312}"
EndProject
Project("{9A19103F-16F7-4668-BE54-9A1E7A4F7556}") = "IRunes.Models", "Apps\IRunes.Models\IRunes.Models.csproj", "{5282E56E-1781-4AF3-AA91-3C074B5BD424}"
EndProject
Project("{9A19103F-16F7-4668-BE54-9A1E7A4F7556}") = "IRunes.Services", "Apps\IRunes.Services\IRunes.Services.csproj", "{A7CD2E5B-BB07-4C26-883D-5A2070F48AAD}"
EndProject
Global
	GlobalSection(SolutionConfigurationPlatforms) = preSolution
		Debug|Any CPU = Debug|Any CPU
		Release|Any CPU = Release|Any CPU
	EndGlobalSection
	GlobalSection(ProjectConfigurationPlatforms) = postSolution
		{0BB53347-9530-47BE-9A44-20074EF7C20F}.Debug|Any CPU.ActiveCfg = Debug|Any CPU
		{0BB53347-9530-47BE-9A44-20074EF7C20F}.Debug|Any CPU.Build.0 = Debug|Any CPU
		{0BB53347-9530-47BE-9A44-20074EF7C20F}.Release|Any CPU.ActiveCfg = Release|Any CPU
		{0BB53347-9530-47BE-9A44-20074EF7C20F}.Release|Any CPU.Build.0 = Release|Any CPU
		{8CA22A00-873B-4693-A8C0-2B684D0EB52A}.Debug|Any CPU.ActiveCfg = Debug|Any CPU
		{8CA22A00-873B-4693-A8C0-2B684D0EB52A}.Debug|Any CPU.Build.0 = Debug|Any CPU
		{8CA22A00-873B-4693-A8C0-2B684D0EB52A}.Release|Any CPU.ActiveCfg = Release|Any CPU
		{8CA22A00-873B-4693-A8C0-2B684D0EB52A}.Release|Any CPU.Build.0 = Release|Any CPU
		{C95C7A8D-5315-4246-8C4B-12331CDD57F7}.Debug|Any CPU.ActiveCfg = Debug|Any CPU
		{C95C7A8D-5315-4246-8C4B-12331CDD57F7}.Debug|Any CPU.Build.0 = Debug|Any CPU
		{C95C7A8D-5315-4246-8C4B-12331CDD57F7}.Release|Any CPU.ActiveCfg = Release|Any CPU
		{C95C7A8D-5315-4246-8C4B-12331CDD57F7}.Release|Any CPU.Build.0 = Release|Any CPU
		{F3F3FCBD-3A61-4B41-B502-FC356D01BDF9}.Debug|Any CPU.ActiveCfg = Debug|Any CPU
		{F3F3FCBD-3A61-4B41-B502-FC356D01BDF9}.Debug|Any CPU.Build.0 = Debug|Any CPU
		{F3F3FCBD-3A61-4B41-B502-FC356D01BDF9}.Release|Any CPU.ActiveCfg = Release|Any CPU
		{F3F3FCBD-3A61-4B41-B502-FC356D01BDF9}.Release|Any CPU.Build.0 = Release|Any CPU
		{83A05698-339C-4016-86FD-86AFFC8A92C3}.Debug|Any CPU.ActiveCfg = Debug|Any CPU
		{83A05698-339C-4016-86FD-86AFFC8A92C3}.Debug|Any CPU.Build.0 = Debug|Any CPU
		{83A05698-339C-4016-86FD-86AFFC8A92C3}.Release|Any CPU.ActiveCfg = Release|Any CPU
		{83A05698-339C-4016-86FD-86AFFC8A92C3}.Release|Any CPU.Build.0 = Release|Any CPU
		{F632494A-B791-4206-9791-3A3EBC89F312}.Debug|Any CPU.ActiveCfg = Debug|Any CPU
		{F632494A-B791-4206-9791-3A3EBC89F312}.Debug|Any CPU.Build.0 = Debug|Any CPU
		{F632494A-B791-4206-9791-3A3EBC89F312}.Release|Any CPU.ActiveCfg = Release|Any CPU
		{F632494A-B791-4206-9791-3A3EBC89F312}.Release|Any CPU.Build.0 = Release|Any CPU
		{5282E56E-1781-4AF3-AA91-3C074B5BD424}.Debug|Any CPU.ActiveCfg = Debug|Any CPU
		{5282E56E-1781-4AF3-AA91-3C074B5BD424}.Debug|Any CPU.Build.0 = Debug|Any CPU
		{5282E56E-1781-4AF3-AA91-3C074B5BD424}.Release|Any CPU.ActiveCfg = Release|Any CPU
		{5282E56E-1781-4AF3-AA91-3C074B5BD424}.Release|Any CPU.Build.0 = Release|Any CPU
		{A7CD2E5B-BB07-4C26-883D-5A2070F48AAD}.Debug|Any CPU.ActiveCfg = Debug|Any CPU
		{A7CD2E5B-BB07-4C26-883D-5A2070F48AAD}.Debug|Any CPU.Build.0 = Debug|Any CPU
		{A7CD2E5B-BB07-4C26-883D-5A2070F48AAD}.Release|Any CPU.ActiveCfg = Release|Any CPU
		{A7CD2E5B-BB07-4C26-883D-5A2070F48AAD}.Release|Any CPU.Build.0 = Release|Any CPU
	EndGlobalSection
	GlobalSection(SolutionProperties) = preSolution
		HideSolutionNode = FALSE
	EndGlobalSection
	GlobalSection(NestedProjects) = preSolution
		{5D44E94C-8878-4377-895A-31650D26FB6B} = {81556867-6A04-454C-8232-DF4E47808670}
		{83A05698-339C-4016-86FD-86AFFC8A92C3} = {5D44E94C-8878-4377-895A-31650D26FB6B}
		{F632494A-B791-4206-9791-3A3EBC89F312} = {5D44E94C-8878-4377-895A-31650D26FB6B}
		{5282E56E-1781-4AF3-AA91-3C074B5BD424} = {5D44E94C-8878-4377-895A-31650D26FB6B}
		{A7CD2E5B-BB07-4C26-883D-5A2070F48AAD} = {5D44E94C-8878-4377-895A-31650D26FB6B}
	EndGlobalSection
	GlobalSection(ExtensibilityGlobals) = postSolution
		SolutionGuid = {12DD607C-F558-487B-8037-E54018DC18D3}
	EndGlobalSection
EndGlobal
