
Microsoft Visual Studio Solution File, Format Version 12.00
# Visual Studio 15
VisualStudioVersion = 15.0.28010.2036
MinimumVisualStudioVersion = 10.0.40219.1
Project("{9A19103F-16F7-4668-BE54-9A1E7A4F7556}") = "SIS.HTTP", "SIS.HTTP\SIS.HTTP.csproj", "{0BB53347-9530-47BE-9A44-20074EF7C20F}"
EndProject
Project("{9A19103F-16F7-4668-BE54-9A1E7A4F7556}") = "SIS.WebServer", "SIS.WebServer\SIS.WebServer.csproj", "{8CA22A00-873B-4693-A8C0-2B684D0EB52A}"
EndProject
Project("{2150E333-8FDC-42A3-9474-1A3956D46DE8}") = "Apps", "Apps", "{81556867-6A04-454C-8232-DF4E47808670}"
EndProject
Project("{2150E333-8FDC-42A3-9474-1A3956D46DE8}") = "IRunes", "IRunes", "{5D44E94C-8878-4377-895A-31650D26FB6B}"
EndProject
Project("{9A19103F-16F7-4668-BE54-9A1E7A4F7556}") = "IRunes.App", "IRunes.App\IRunes.App.csproj", "{5E95BFE9-2A0C-4BB7-A25A-1BB6DB003B64}"
EndProject
Project("{9A19103F-16F7-4668-BE54-9A1E7A4F7556}") = "IRunes.Data", "IRunes.Data\IRunes.Data.csproj", "{E438BE10-B1EB-46FC-AFF0-3CE41D4AAA88}"
EndProject
Project("{9A19103F-16F7-4668-BE54-9A1E7A4F7556}") = "IRunes.Models", "IRunes.Models\IRunes.Models.csproj", "{DA245C1F-3088-49D2-A167-8F106FD27535}"
EndProject
Project("{9A19103F-16F7-4668-BE54-9A1E7A4F7556}") = "IRunes.Services", "IRunes.Services\IRunes.Services.csproj", "{D011A760-1315-4D53-A191-5FDFAF4EFA79}"
EndProject
Project("{9A19103F-16F7-4668-BE54-9A1E7A4F7556}") = "SIS.Framework", "SIS.Framework\SIS.Framework.csproj", "{C95C7A8D-5315-4246-8C4B-12331CDD57F7}"
EndProject
Project("{9A19103F-16F7-4668-BE54-9A1E7A4F7556}") = "SIS.Demo", "SIS.Demo\SIS.Demo.csproj", "{F3F3FCBD-3A61-4B41-B502-FC356D01BDF9}"
EndProject
Global
	GlobalSection(SolutionConfigurationPlatforms) = preSolution
		Debug|Any CPU = Debug|Any CPU
		Release|Any CPU = Release|Any CPU
	EndGlobalSection
	GlobalSection(ProjectConfigurationPlatforms) = postSolution
		{0BB53347-9530-47BE-9A44-20074EF7C20F}.Debug|Any CPU.ActiveCfg = Debug|Any CPU
		{0BB53347-9530-47BE-9A44-20074EF7C20F}.Debug|Any CPU.Build.0 = Debug|Any CPU
		{0BB53347-9530-47BE-9A44-20074EF7C20F}.Release|Any CPU.ActiveCfg = Release|Any CPU
		{0BB53347-9530-47BE-9A44-20074EF7C20F}.Release|Any CPU.Build.0 = Release|Any CPU
		{8CA22A00-873B-4693-A8C0-2B684D0EB52A}.Debug|Any CPU.ActiveCfg = Debug|Any CPU
		{8CA22A00-873B-4693-A8C0-2B684D0EB52A}.Debug|Any CPU.Build.0 = Debug|Any CPU
		{8CA22A00-873B-4693-A8C0-2B684D0EB52A}.Release|Any CPU.ActiveCfg = Release|Any CPU
		{8CA22A00-873B-4693-A8C0-2B684D0EB52A}.Release|Any CPU.Build.0 = Release|Any CPU
		{5E95BFE9-2A0C-4BB7-A25A-1BB6DB003B64}.Debug|Any CPU.ActiveCfg = Debug|Any CPU
		{5E95BFE9-2A0C-4BB7-A25A-1BB6DB003B64}.Debug|Any CPU.Build.0 = Debug|Any CPU
		{5E95BFE9-2A0C-4BB7-A25A-1BB6DB003B64}.Release|Any CPU.ActiveCfg = Release|Any CPU
		{5E95BFE9-2A0C-4BB7-A25A-1BB6DB003B64}.Release|Any CPU.Build.0 = Release|Any CPU
		{E438BE10-B1EB-46FC-AFF0-3CE41D4AAA88}.Debug|Any CPU.ActiveCfg = Debug|Any CPU
		{E438BE10-B1EB-46FC-AFF0-3CE41D4AAA88}.Debug|Any CPU.Build.0 = Debug|Any CPU
		{E438BE10-B1EB-46FC-AFF0-3CE41D4AAA88}.Release|Any CPU.ActiveCfg = Release|Any CPU
		{E438BE10-B1EB-46FC-AFF0-3CE41D4AAA88}.Release|Any CPU.Build.0 = Release|Any CPU
		{DA245C1F-3088-49D2-A167-8F106FD27535}.Debug|Any CPU.ActiveCfg = Debug|Any CPU
		{DA245C1F-3088-49D2-A167-8F106FD27535}.Debug|Any CPU.Build.0 = Debug|Any CPU
		{DA245C1F-3088-49D2-A167-8F106FD27535}.Release|Any CPU.ActiveCfg = Release|Any CPU
		{DA245C1F-3088-49D2-A167-8F106FD27535}.Release|Any CPU.Build.0 = Release|Any CPU
		{D011A760-1315-4D53-A191-5FDFAF4EFA79}.Debug|Any CPU.ActiveCfg = Debug|Any CPU
		{D011A760-1315-4D53-A191-5FDFAF4EFA79}.Debug|Any CPU.Build.0 = Debug|Any CPU
		{D011A760-1315-4D53-A191-5FDFAF4EFA79}.Release|Any CPU.ActiveCfg = Release|Any CPU
		{D011A760-1315-4D53-A191-5FDFAF4EFA79}.Release|Any CPU.Build.0 = Release|Any CPU
		{C95C7A8D-5315-4246-8C4B-12331CDD57F7}.Debug|Any CPU.ActiveCfg = Debug|Any CPU
		{C95C7A8D-5315-4246-8C4B-12331CDD57F7}.Debug|Any CPU.Build.0 = Debug|Any CPU
		{C95C7A8D-5315-4246-8C4B-12331CDD57F7}.Release|Any CPU.ActiveCfg = Release|Any CPU
		{C95C7A8D-5315-4246-8C4B-12331CDD57F7}.Release|Any CPU.Build.0 = Release|Any CPU
		{F3F3FCBD-3A61-4B41-B502-FC356D01BDF9}.Debug|Any CPU.ActiveCfg = Debug|Any CPU
		{F3F3FCBD-3A61-4B41-B502-FC356D01BDF9}.Debug|Any CPU.Build.0 = Debug|Any CPU
		{F3F3FCBD-3A61-4B41-B502-FC356D01BDF9}.Release|Any CPU.ActiveCfg = Release|Any CPU
		{F3F3FCBD-3A61-4B41-B502-FC356D01BDF9}.Release|Any CPU.Build.0 = Release|Any CPU
	EndGlobalSection
	GlobalSection(SolutionProperties) = preSolution
		HideSolutionNode = FALSE
	EndGlobalSection
	GlobalSection(NestedProjects) = preSolution
		{5D44E94C-8878-4377-895A-31650D26FB6B} = {81556867-6A04-454C-8232-DF4E47808670}
		{5E95BFE9-2A0C-4BB7-A25A-1BB6DB003B64} = {5D44E94C-8878-4377-895A-31650D26FB6B}
		{E438BE10-B1EB-46FC-AFF0-3CE41D4AAA88} = {5D44E94C-8878-4377-895A-31650D26FB6B}
		{DA245C1F-3088-49D2-A167-8F106FD27535} = {5D44E94C-8878-4377-895A-31650D26FB6B}
		{D011A760-1315-4D53-A191-5FDFAF4EFA79} = {5D44E94C-8878-4377-895A-31650D26FB6B}
	EndGlobalSection
	GlobalSection(ExtensibilityGlobals) = postSolution
		SolutionGuid = {12DD607C-F558-487B-8037-E54018DC18D3}
	EndGlobalSection
EndGlobal
